
Microsoft Visual Studio Solution File, Format Version 12.00
# Visual Studio Version 17
VisualStudioVersion = 17.6.33712.159
MinimumVisualStudioVersion = 10.0.40219.1
Project("{FAE04EC0-301F-11D3-BF4B-00C04F79EFBC}") = "Proje_Hastane", "Proje_Hastane\Proje_Hastane.csproj", "{3E68AB8F-2EE1-4DDA-9CCD-EC7C852E0887}"
EndProject
Global
	GlobalSection(SolutionConfigurationPlatforms) = preSolution
		Debug|Any CPU = Debug|Any CPU
		Release|Any CPU = Release|Any CPU
	EndGlobalSection
	GlobalSection(ProjectConfigurationPlatforms) = postSolution
		{3E68AB8F-2EE1-4DDA-9CCD-EC7C852E0887}.Debug|Any CPU.ActiveCfg = Debug|Any CPU
		{3E68AB8F-2EE1-4DDA-9CCD-EC7C852E0887}.Debug|Any CPU.Build.0 = Debug|Any CPU
		{3E68AB8F-2EE1-4DDA-9CCD-EC7C852E0887}.Release|Any CPU.ActiveCfg = Release|Any CPU
		{3E68AB8F-2EE1-4DDA-9CCD-EC7C852E0887}.Release|Any CPU.Build.0 = Release|Any CPU
	EndGlobalSection
	GlobalSection(SolutionProperties) = preSolution
		HideSolutionNode = FALSE
	EndGlobalSection
	GlobalSection(ExtensibilityGlobals) = postSolution
		SolutionGuid = {521877B3-B825-4C76-A8D6-1C731E1EAE78}
	EndGlobalSection
EndGlobal
